{
  "name": "effect-network-eos",
  "version": "0.0.1",
  "lockfileVersion": 1,
  "requires": true,
  "dependencies": {
    "@babel/runtime": {
      "version": "7.6.0",
      "resolved": "https://registry.npmjs.org/@babel/runtime/-/runtime-7.6.0.tgz",
      "integrity": "sha512-89eSBLJsxNxOERC0Op4vd+0Bqm6wRMqMbFtV3i0/fbaWw/mJ8Q3eBvgX0G4SyrOOLCtbu98HspF8o09MRT+KzQ==",
      "dev": true,
      "requires": {
        "regenerator-runtime": "^0.13.2"
      },
      "dependencies": {
        "regenerator-runtime": {
          "version": "0.13.7",
          "resolved": "https://registry.npmjs.org/regenerator-runtime/-/regenerator-runtime-0.13.7.tgz",
          "integrity": "sha512-a54FxoJDIr27pgf7IgeQGxmqUNYrcV338lf/6gH456HZ/PhX+5BcwHXG9ajESmwe6WRO0tAzRUrRmNONWgkrew==",
          "dev": true
        }
      }
    },
    "@cityofzion/neon-api": {
      "version": "4.9.0",
      "resolved": "https://registry.npmjs.org/@cityofzion/neon-api/-/neon-api-4.9.0.tgz",
      "integrity": "sha512-8eN3N3sGgd4L7qFaFATKr94kA/65626eo6hB7fHL+S8OGCVCrrl3tfh8GAOv50vLxd2YyoDu9pBY/0NPKY8tsQ==",
      "dev": true,
      "requires": {
        "@types/node": "15.0.3",
        "axios": "0.21.1",
        "isomorphic-ws": "4.0.1",
        "ws": "7.4.5"
      }
    },
    "@cityofzion/neon-core": {
      "version": "4.9.0",
      "resolved": "https://registry.npmjs.org/@cityofzion/neon-core/-/neon-core-4.9.0.tgz",
      "integrity": "sha512-z4UgEIjAS9E2QP6HSTzri02DFY++nYmfzbspi1818mvnTst6Lf8bDNYYxG/686wdYN2dEF3RuccMXraw2Bm31g==",
      "dev": true,
      "requires": {
        "@types/bn.js": "5.1.0",
        "@types/bs58": "4.0.1",
        "@types/crypto-js": "4.0.1",
        "@types/elliptic": "6.4.12",
        "axios": "0.21.1",
        "bignumber.js": "7.2.1",
        "bn.js": "5.2.0",
        "bs58": "4.0.1",
        "bs58check": "2.1.2",
        "crypto-js": "4.0.0",
        "elliptic": "6.5.4",
        "loglevel": "1.7.1",
        "loglevel-plugin-prefix": "0.8.4",
        "scrypt-js": "3.0.1",
        "secure-random": "1.1.2",
        "wif": "2.0.6"
      }
    },
    "@cityofzion/neon-js": {
      "version": "4.9.0",
      "resolved": "https://registry.npmjs.org/@cityofzion/neon-js/-/neon-js-4.9.0.tgz",
      "integrity": "sha512-YYeMbQGZJkC8Wq2UQt98OUys8f8tPCaXMplbV8GwiJEdG+PJJOFGg3NkvrDGUfcuasff0dcn8LWjXTPKPp+Gyw==",
      "dev": true,
      "requires": {
        "@cityofzion/neon-api": "^4.9.0",
        "@cityofzion/neon-core": "^4.9.0",
        "@cityofzion/neon-nep5": "^4.9.0"
      }
    },
    "@cityofzion/neon-nep5": {
      "version": "4.9.0",
      "resolved": "https://registry.npmjs.org/@cityofzion/neon-nep5/-/neon-nep5-4.9.0.tgz",
      "integrity": "sha512-MSRXHl+UGYnh8f9FC7zZvMNRblnl496VxG3tjA+GIShtLR6u75/FK7syVXua9h8/khljL7qqSfnNqA+sy7q+eg==",
      "dev": true,
      "requires": {
        "@cityofzion/neon-core": "^4.9.0"
      }
    },
    "@jeisses/tools.cli": {
      "version": "0.4.2-2",
      "resolved": "https://registry.npmjs.org/@jeisses/tools.cli/-/tools.cli-0.4.2-2.tgz",
      "integrity": "sha512-kZZxIrw0KsEiWtENzkL0Kz8AO5NSvULpmwyXPA/FDEBm+m+B3JKu2iJio9LyGKTxBgwuKzFoYCxc9mWn97ljTA==",
      "dev": true
    },
    "@types/bn.js": {
      "version": "5.1.0",
      "resolved": "https://registry.npmjs.org/@types/bn.js/-/bn.js-5.1.0.tgz",
      "integrity": "sha512-QSSVYj7pYFN49kW77o2s9xTCwZ8F2xLbjLLSEVh8D2F4JUhZtPAGOFLTD+ffqksBx/u4cE/KImFjyhqCjn/LIA==",
      "dev": true,
      "requires": {
        "@types/node": "*"
      }
    },
    "@types/bs58": {
      "version": "4.0.1",
      "resolved": "https://registry.npmjs.org/@types/bs58/-/bs58-4.0.1.tgz",
      "integrity": "sha512-yfAgiWgVLjFCmRv8zAcOIHywYATEwiTVccTLnRp6UxTNavT55M9d/uhK3T03St/+8/z/wW+CRjGKUNmEqoHHCA==",
      "dev": true,
      "requires": {
        "base-x": "^3.0.6"
      }
    },
    "@types/crypto-js": {
      "version": "4.0.1",
      "resolved": "https://registry.npmjs.org/@types/crypto-js/-/crypto-js-4.0.1.tgz",
      "integrity": "sha512-6+OPzqhKX/cx5xh+yO8Cqg3u3alrkhoxhE5ZOdSEv0DOzJ13lwJ6laqGU0Kv6+XDMFmlnGId04LtY22PsFLQUw==",
      "dev": true
    },
    "@types/elliptic": {
      "version": "6.4.12",
      "resolved": "https://registry.npmjs.org/@types/elliptic/-/elliptic-6.4.12.tgz",
      "integrity": "sha512-gP1KsqoouLJGH6IJa28x7PXb3cRqh83X8HCLezd2dF+XcAIMKYv53KV+9Zn6QA561E120uOqZBQ+Jy/cl+fviw==",
      "dev": true,
      "requires": {
        "@types/bn.js": "*"
      }
    },
    "@types/node": {
      "version": "15.0.3",
      "resolved": "https://registry.npmjs.org/@types/node/-/node-15.0.3.tgz",
      "integrity": "sha512-/WbxFeBU+0F79z9RdEOXH4CsDga+ibi5M8uEYr91u3CkT/pdWcV8MCook+4wDPnZBexRdwWS+PiVZ2xJviAzcQ==",
      "dev": true
    },
    "andare": {
      "version": "1.1.587",
      "resolved": "https://registry.npmjs.org/andare/-/andare-1.1.587.tgz",
      "integrity": "sha512-hxdZpMLtrHkaVuFJA8w8NfIttjsrOD9O7JQfEh7HAOo3mOFSGmvBS+5uDENm6rUpdnUeSJv5631MHB8e68CogA==",
      "dev": true
    },
    "async-limiter": {
      "version": "1.0.1",
      "resolved": "https://registry.npmjs.org/async-limiter/-/async-limiter-1.0.1.tgz",
      "integrity": "sha512-csOlWGAcRFJaI6m+F2WKdnMKr4HhdhFVBk0H/QbJFMCr+uO2kwohwXQPxw/9OCxp05r5ghVBFSyioixx3gfkNQ==",
      "dev": true
    },
    "axios": {
      "version": "0.21.1",
      "resolved": "https://registry.npmjs.org/axios/-/axios-0.21.1.tgz",
      "integrity": "sha512-dKQiRHxGD9PPRIUNIWvZhPTPpl1rf/OxTYKsqKUDjBwYylTvV7SjSHJb9ratfyzM6wCdLCOYLzs73qpg5c4iGA==",
      "dev": true,
      "requires": {
        "follow-redirects": "^1.10.0"
      }
    },
    "babel-runtime": {
      "version": "6.26.0",
      "resolved": "https://registry.npmjs.org/babel-runtime/-/babel-runtime-6.26.0.tgz",
      "integrity": "sha1-llxwWGaOgrVde/4E/yM3vItWR/4=",
      "dev": true,
      "requires": {
        "core-js": "^2.4.0",
        "regenerator-runtime": "^0.11.0"
      }
    },
    "base-x": {
      "version": "3.0.8",
      "resolved": "https://registry.npmjs.org/base-x/-/base-x-3.0.8.tgz",
      "integrity": "sha512-Rl/1AWP4J/zRrk54hhlxH4drNxPJXYUaKffODVI53/dAsV4t9fBxyxYKAVPU1XBHxYwOWP9h9H0hM2MVw4YfJA==",
      "dev": true,
      "requires": {
        "safe-buffer": "^5.0.1"
      }
    },
    "bigi": {
      "version": "1.4.2",
      "resolved": "https://registry.npmjs.org/bigi/-/bigi-1.4.2.tgz",
      "integrity": "sha1-nGZalfiLiwj8Bc/XMfVhhZ1yWCU=",
      "dev": true
    },
    "bignumber.js": {
      "version": "7.2.1",
      "resolved": "https://registry.npmjs.org/bignumber.js/-/bignumber.js-7.2.1.tgz",
      "integrity": "sha512-S4XzBk5sMB+Rcb/LNcpzXr57VRTxgAvaAEDAl1AwRx27j00hT84O6OkteE7u8UB3NuaaygCRrEpqox4uDOrbdQ==",
      "dev": true
    },
    "bn.js": {
      "version": "5.2.0",
      "resolved": "https://registry.npmjs.org/bn.js/-/bn.js-5.2.0.tgz",
      "integrity": "sha512-D7iWRBvnZE8ecXiLj/9wbxH7Tk79fAh8IHaTNq1RWRixsS02W+5qS+iE9yq6RYl0asXx5tw0bLhmT5pIfbSquw==",
      "dev": true
    },
    "brorand": {
      "version": "1.1.0",
      "resolved": "https://registry.npmjs.org/brorand/-/brorand-1.1.0.tgz",
      "integrity": "sha1-EsJe/kCkXjwyPrhnWgoM5XsiNx8=",
      "dev": true
    },
    "browserify-aes": {
      "version": "1.0.6",
      "resolved": "https://registry.npmjs.org/browserify-aes/-/browserify-aes-1.0.6.tgz",
      "integrity": "sha1-Xncl297x/Vkw1OurSFZ85FHEigo=",
      "dev": true,
      "requires": {
        "buffer-xor": "^1.0.2",
        "cipher-base": "^1.0.0",
        "create-hash": "^1.1.0",
        "evp_bytestokey": "^1.0.0",
        "inherits": "^2.0.1"
      }
    },
    "bs58": {
      "version": "4.0.1",
      "resolved": "https://registry.npmjs.org/bs58/-/bs58-4.0.1.tgz",
      "integrity": "sha1-vhYedsNU9veIrkBx9j806MTwpCo=",
      "dev": true,
      "requires": {
        "base-x": "^3.0.2"
      }
    },
    "bs58check": {
      "version": "2.1.2",
      "resolved": "https://registry.npmjs.org/bs58check/-/bs58check-2.1.2.tgz",
      "integrity": "sha512-0TS1jicxdU09dwJMNZtVAfzPi6Q6QeN0pM1Fkzrjn+XYHvzMKPU3pHVpva+769iNVSfIYWf7LJ6WR+BuuMf8cA==",
      "dev": true,
      "requires": {
        "bs58": "^4.0.0",
        "create-hash": "^1.1.0",
        "safe-buffer": "^5.1.2"
      }
    },
    "buffer-xor": {
      "version": "1.0.3",
      "resolved": "https://registry.npmjs.org/buffer-xor/-/buffer-xor-1.0.3.tgz",
      "integrity": "sha1-JuYe0UIvtw3ULm42cp7VHYVf6Nk=",
      "dev": true
    },
    "bytebuffer": {
      "version": "5.0.1",
      "resolved": "https://registry.npmjs.org/bytebuffer/-/bytebuffer-5.0.1.tgz",
      "integrity": "sha1-WC7qSxqHO20CCkjVjfhfC7ps/d0=",
      "dev": true,
      "requires": {
        "long": "~3"
      }
    },
    "cipher-base": {
      "version": "1.0.4",
      "resolved": "https://registry.npmjs.org/cipher-base/-/cipher-base-1.0.4.tgz",
      "integrity": "sha512-Kkht5ye6ZGmwv40uUDZztayT2ThLQGfnj/T71N/XzeZeo3nf8foyW7zGTsPYkEya3m5f3cAypH+qe7YOrM1U2Q==",
      "dev": true,
      "requires": {
        "inherits": "^2.0.1",
        "safe-buffer": "^5.0.1"
      }
    },
    "core-js": {
      "version": "2.6.12",
      "resolved": "https://registry.npmjs.org/core-js/-/core-js-2.6.12.tgz",
      "integrity": "sha512-Kb2wC0fvsWfQrgk8HU5lW6U/Lcs8+9aaYcy4ZFc6DDlo4nZ7n70dEgE5rtR0oG6ufKDUnrwfWL1mXR5ljDatrQ==",
      "dev": true
    },
    "create-hash": {
      "version": "1.2.0",
      "resolved": "https://registry.npmjs.org/create-hash/-/create-hash-1.2.0.tgz",
      "integrity": "sha512-z00bCGNHDG8mHAkP7CtT1qVu+bFQUPjYq/4Iv3C3kWjTFV10zIjfSoeqXo9Asws8gwSHDGj/hl2u4OGIjapeCg==",
      "dev": true,
      "requires": {
        "cipher-base": "^1.0.1",
        "inherits": "^2.0.1",
        "md5.js": "^1.3.4",
        "ripemd160": "^2.0.1",
        "sha.js": "^2.4.0"
      }
    },
    "create-hmac": {
      "version": "1.1.6",
      "resolved": "https://registry.npmjs.org/create-hmac/-/create-hmac-1.1.6.tgz",
      "integrity": "sha1-rLniIaThe9sHbpBlfEK5PjcmzwY=",
      "dev": true,
      "requires": {
        "cipher-base": "^1.0.3",
        "create-hash": "^1.1.0",
        "inherits": "^2.0.1",
        "ripemd160": "^2.0.0",
        "safe-buffer": "^5.0.1",
        "sha.js": "^2.4.8"
      }
    },
    "crypto-js": {
      "version": "4.0.0",
      "resolved": "https://registry.npmjs.org/crypto-js/-/crypto-js-4.0.0.tgz",
      "integrity": "sha512-bzHZN8Pn+gS7DQA6n+iUmBfl0hO5DJq++QP3U6uTucDtk/0iGpXd/Gg7CGR0p8tJhofJyaKoWBuJI4eAO00BBg==",
      "dev": true
    },
    "dom-walk": {
      "version": "0.1.2",
      "resolved": "https://registry.npmjs.org/dom-walk/-/dom-walk-0.1.2.tgz",
      "integrity": "sha512-6QvTW9mrGeIegrFXdtQi9pk7O/nSK6lSdXW2eqUspN5LWD7UTji2Fqw5V2YLjBpHEoU9Xl/eUWNpDeZvoyOv2w==",
      "dev": true
    },
    "ecurve": {
      "version": "1.0.5",
      "resolved": "https://registry.npmjs.org/ecurve/-/ecurve-1.0.5.tgz",
      "integrity": "sha1-0Ujo/lCmdPmDu1uuCdoOoj4QU14=",
      "dev": true,
      "requires": {
        "bigi": "^1.1.0"
      }
    },
    "elliptic": {
      "version": "6.5.4",
      "resolved": "https://registry.npmjs.org/elliptic/-/elliptic-6.5.4.tgz",
      "integrity": "sha512-iLhC6ULemrljPZb+QutR5TQGB+pdW6KGD5RSegS+8sorOZT+rdQFbsQFJgvN3eRqNALqJer4oQ16YvJHlU8hzQ==",
      "dev": true,
      "requires": {
        "bn.js": "^4.11.9",
        "brorand": "^1.1.0",
        "hash.js": "^1.0.0",
        "hmac-drbg": "^1.0.1",
        "inherits": "^2.0.4",
        "minimalistic-assert": "^1.0.1",
        "minimalistic-crypto-utils": "^1.0.1"
      },
      "dependencies": {
        "bn.js": {
          "version": "4.12.0",
          "resolved": "https://registry.npmjs.org/bn.js/-/bn.js-4.12.0.tgz",
          "integrity": "sha512-c98Bf3tPniI+scsdk237ku1Dc3ujXQTSgyiPUDEOe7tRkhrqridvh8klBv0HCEso1OLOYcHuCv/cS6DNxKH+ZA==",
          "dev": true
        },
        "inherits": {
          "version": "2.0.4",
          "resolved": "https://registry.npmjs.org/inherits/-/inherits-2.0.4.tgz",
          "integrity": "sha512-k/vGaX4/Yla3WzyMCvTQOXYeIHvqOKtnqBduzTHpzpQZzAskKMhZ2K+EnBiSM9zGSoIFeMpXKxa4dYeZIQqewQ==",
          "dev": true
        }
      }
    },
    "eos-cljs": {
      "version": "file:eos-cljs",
      "dev": true,
      "requires": {
        "@jeisses/tools.cli": "0.4.2-2",
        "eosjs": "^20.0.0-ba6d627.0",
        "lumo-cljs": "^1.9.0",
        "node-fetch": "^2.6.1",
        "scatterjs-core": "^2.7.16",
        "scatterjs-plugin-eosjs2": "^1.5.0"
      },
      "dependencies": {
        "eosjs": {
          "version": "20.0.3",
          "resolved": "https://registry.npmjs.org/eosjs/-/eosjs-20.0.3.tgz",
          "integrity": "sha512-h0WSxsDo7AHz5IzpbQDrzyT/CYmbBDtFiiolTdtGd2FdKXEa6LDER4WbNp4qxCY7kD65KeG3knkGmOOFGbPJxw==",
          "dev": true,
          "requires": {
            "babel-runtime": "6.26.0",
            "eosjs-ecc": "4.0.7",
            "text-encoding": "0.7.0"
          }
        }
      }
    },
    "eosjs": {
      "version": "21.0.4",
      "resolved": "https://registry.npmjs.org/eosjs/-/eosjs-21.0.4.tgz",
      "integrity": "sha512-XbuIoidplA1hHIejy7VQ+hmBfC6T28kYFaQMsn6G1DMTg1CFwUzxwzUvZg/dGNPuf7hgPxOpaQvAUsdidTgGhQ==",
      "dev": true,
      "requires": {
        "bn.js": "5.2.0",
        "elliptic": "6.5.4",
        "hash.js": "1.1.7",
        "pako": "2.0.3"
      },
      "dependencies": {
        "bn.js": {
          "version": "5.2.0",
          "resolved": "https://registry.npmjs.org/bn.js/-/bn.js-5.2.0.tgz",
          "integrity": "sha512-D7iWRBvnZE8ecXiLj/9wbxH7Tk79fAh8IHaTNq1RWRixsS02W+5qS+iE9yq6RYl0asXx5tw0bLhmT5pIfbSquw==",
          "dev": true
        },
        "elliptic": {
          "version": "6.5.4",
          "resolved": "https://registry.npmjs.org/elliptic/-/elliptic-6.5.4.tgz",
          "integrity": "sha512-iLhC6ULemrljPZb+QutR5TQGB+pdW6KGD5RSegS+8sorOZT+rdQFbsQFJgvN3eRqNALqJer4oQ16YvJHlU8hzQ==",
          "dev": true,
          "requires": {
            "bn.js": "^4.11.9",
            "brorand": "^1.1.0",
            "hash.js": "^1.0.0",
            "hmac-drbg": "^1.0.1",
            "inherits": "^2.0.4",
            "minimalistic-assert": "^1.0.1",
            "minimalistic-crypto-utils": "^1.0.1"
          },
          "dependencies": {
            "bn.js": {
              "version": "4.12.0",
              "resolved": "https://registry.npmjs.org/bn.js/-/bn.js-4.12.0.tgz",
              "integrity": "sha512-c98Bf3tPniI+scsdk237ku1Dc3ujXQTSgyiPUDEOe7tRkhrqridvh8klBv0HCEso1OLOYcHuCv/cS6DNxKH+ZA==",
              "dev": true
            }
          }
        },
        "inherits": {
          "version": "2.0.4",
          "resolved": "https://registry.npmjs.org/inherits/-/inherits-2.0.4.tgz",
          "integrity": "sha512-k/vGaX4/Yla3WzyMCvTQOXYeIHvqOKtnqBduzTHpzpQZzAskKMhZ2K+EnBiSM9zGSoIFeMpXKxa4dYeZIQqewQ==",
          "dev": true
        }
      }
    },
    "eosjs-ecc": {
      "version": "4.0.7",
      "resolved": "https://registry.npmjs.org/eosjs-ecc/-/eosjs-ecc-4.0.7.tgz",
      "integrity": "sha512-uuqhqnrDy9XTpKfkhiZqRDUTCCI9oWBalVK5IosL7kpYwA9I3lm68INYFLyWsHpF2xwHqPql8MrMYJ3zfOn5Qg==",
      "dev": true,
      "requires": {
        "@babel/runtime": "7.6.0",
        "bigi": "1.4.2",
        "browserify-aes": "1.0.6",
        "bs58": "4.0.1",
        "bytebuffer": "5.0.1",
        "create-hash": "1.1.3",
        "create-hmac": "1.1.6",
        "ecurve": "1.0.5",
        "randombytes": "2.0.5"
      },
      "dependencies": {
        "create-hash": {
          "version": "1.1.3",
          "resolved": "https://registry.npmjs.org/create-hash/-/create-hash-1.1.3.tgz",
          "integrity": "sha1-YGBCrIuSYnUPSDyt2rD1gZFy2P0=",
          "dev": true,
          "requires": {
            "cipher-base": "^1.0.1",
            "inherits": "^2.0.1",
            "ripemd160": "^2.0.0",
            "sha.js": "^2.4.0"
          }
        }
      }
    },
    "es6-promise": {
      "version": "4.2.8",
      "resolved": "https://registry.npmjs.org/es6-promise/-/es6-promise-4.2.8.tgz",
      "integrity": "sha512-HJDGx5daxeIvxdBxvG2cb9g4tEvwIk3i8+nhX0yGrYmZUzbkdg8QbDevheDB8gd0//uPj4c1EQua8Q+MViT0/w==",
      "dev": true
    },
    "evp_bytestokey": {
      "version": "1.0.3",
      "resolved": "https://registry.npmjs.org/evp_bytestokey/-/evp_bytestokey-1.0.3.tgz",
      "integrity": "sha512-/f2Go4TognH/KvCISP7OUsHn85hT9nUkxxA9BEWxFn+Oj9o8ZNLm/40hdlgSLyuOimsrTKLUMEorQexp/aPQeA==",
      "dev": true,
      "requires": {
        "md5.js": "^1.3.4",
        "safe-buffer": "^5.1.1"
      }
    },
    "follow-redirects": {
      "version": "1.14.8",
      "resolved": "https://registry.npmjs.org/follow-redirects/-/follow-redirects-1.14.8.tgz",
      "integrity": "sha512-1x0S9UVJHsQprFcEC/qnNzBLcIxsjAV905f/UkQxbclCsoTWlacCNOpQa/anodLl2uaEKFhfWOvM2Qg77+15zA==",
      "dev": true
    },
    "get-random-values": {
      "version": "1.2.2",
      "resolved": "https://registry.npmjs.org/get-random-values/-/get-random-values-1.2.2.tgz",
      "integrity": "sha512-lMyPjQyl0cNNdDf2oR+IQ/fM3itDvpoHy45Ymo2r0L1EjazeSl13SfbKZs7KtZ/3MDCeueiaJiuOEfKqRTsSgA==",
      "dev": true,
      "requires": {
        "global": "^4.4.0"
      }
    },
    "global": {
      "version": "4.4.0",
      "resolved": "https://registry.npmjs.org/global/-/global-4.4.0.tgz",
      "integrity": "sha512-wv/LAoHdRE3BeTGz53FAamhGlPLhlssK45usmGFThIi4XqnBmjKQ16u+RNbP7WvigRZDxUsM0J3gcQ5yicaL0w==",
      "dev": true,
      "requires": {
        "min-document": "^2.19.0",
        "process": "^0.11.10"
      }
    },
    "hash-base": {
      "version": "3.1.0",
      "resolved": "https://registry.npmjs.org/hash-base/-/hash-base-3.1.0.tgz",
      "integrity": "sha512-1nmYp/rhMDiE7AYkDw+lLwlAzz0AntGIe51F3RfFfEqyQ3feY2eI/NcwC6umIQVOASPMsWJLJScWKSSvzL9IVA==",
      "dev": true,
      "requires": {
        "inherits": "^2.0.4",
        "readable-stream": "^3.6.0",
        "safe-buffer": "^5.2.0"
      },
      "dependencies": {
        "inherits": {
          "version": "2.0.4",
          "resolved": "https://registry.npmjs.org/inherits/-/inherits-2.0.4.tgz",
          "integrity": "sha512-k/vGaX4/Yla3WzyMCvTQOXYeIHvqOKtnqBduzTHpzpQZzAskKMhZ2K+EnBiSM9zGSoIFeMpXKxa4dYeZIQqewQ==",
          "dev": true
        }
      }
    },
    "hash.js": {
      "version": "1.1.7",
      "resolved": "https://registry.npmjs.org/hash.js/-/hash.js-1.1.7.tgz",
      "integrity": "sha512-taOaskGt4z4SOANNseOviYDvjEJinIkRgmp7LbKP2YTTmVxWBl87s/uzK9r+44BclBSp2X7K1hqeNfz9JbBeXA==",
      "dev": true,
      "requires": {
        "inherits": "^2.0.3",
        "minimalistic-assert": "^1.0.1"
      }
    },
    "hmac-drbg": {
      "version": "1.0.1",
      "resolved": "https://registry.npmjs.org/hmac-drbg/-/hmac-drbg-1.0.1.tgz",
      "integrity": "sha1-0nRXAQJabHdabFRXk+1QL8DGSaE=",
      "dev": true,
      "requires": {
        "hash.js": "^1.0.3",
        "minimalistic-assert": "^1.0.0",
        "minimalistic-crypto-utils": "^1.0.1"
      }
    },
    "inherits": {
      "version": "2.0.3",
      "resolved": "https://registry.npmjs.org/inherits/-/inherits-2.0.3.tgz",
      "integrity": "sha1-Yzwsg+PaQqUC9SRmAiSA9CCCYd4=",
      "dev": true
    },
    "isomorphic-ws": {
      "version": "4.0.1",
      "resolved": "https://registry.npmjs.org/isomorphic-ws/-/isomorphic-ws-4.0.1.tgz",
      "integrity": "sha512-BhBvN2MBpWTaSHdWRb/bwdZJ1WaehQ2L1KngkCkfLUGF0mAWAT1sQUQacEmQ0jXkFw/czDXPNQSL5u2/Krsz1w==",
      "dev": true
    },
    "loglevel": {
      "version": "1.7.1",
      "resolved": "https://registry.npmjs.org/loglevel/-/loglevel-1.7.1.tgz",
      "integrity": "sha512-Hesni4s5UkWkwCGJMQGAh71PaLUmKFM60dHvq0zi/vDhhrzuk+4GgNbTXJ12YYQJn6ZKBDNIjYcuQGKudvqrIw==",
      "dev": true
    },
    "loglevel-plugin-prefix": {
      "version": "0.8.4",
      "resolved": "https://registry.npmjs.org/loglevel-plugin-prefix/-/loglevel-plugin-prefix-0.8.4.tgz",
      "integrity": "sha512-WpG9CcFAOjz/FtNht+QJeGpvVl/cdR6P0z6OcXSkr8wFJOsV2GRj2j10JLfjuA4aYkcKCNIEqRGCyTife9R8/g==",
      "dev": true
    },
    "long": {
      "version": "3.2.0",
      "resolved": "https://registry.npmjs.org/long/-/long-3.2.0.tgz",
      "integrity": "sha1-2CG3E4yhy1gcFymQ7xTbIAtcR0s=",
      "dev": true
    },
    "lumo-cljs": {
      "version": "1.10.1",
      "resolved": "https://registry.npmjs.org/lumo-cljs/-/lumo-cljs-1.10.1.tgz",
      "integrity": "sha512-pqgygbEEnzOjFUxejr/jK7gRhuQx0acd3PLyJwkz4ZyVHWyzGGhUxwzgYX/df4wKm7Zixfp73G0S0PFXiNHULQ==",
      "dev": true
    },
    "md5.js": {
      "version": "1.3.5",
      "resolved": "https://registry.npmjs.org/md5.js/-/md5.js-1.3.5.tgz",
      "integrity": "sha512-xitP+WxNPcTTOgnTJcrhM0xvdPepipPSf3I8EIpGKeFLjt3PlJLIDG3u8EX53ZIubkb+5U2+3rELYpEhHhzdkg==",
      "dev": true,
      "requires": {
        "hash-base": "^3.0.0",
        "inherits": "^2.0.1",
        "safe-buffer": "^5.1.2"
      }
    },
    "min-document": {
      "version": "2.19.0",
      "resolved": "https://registry.npmjs.org/min-document/-/min-document-2.19.0.tgz",
      "integrity": "sha1-e9KC4/WELtKVu3SM3Z8f+iyCRoU=",
      "dev": true,
      "requires": {
        "dom-walk": "^0.1.0"
      }
    },
    "minimalistic-assert": {
      "version": "1.0.1",
      "resolved": "https://registry.npmjs.org/minimalistic-assert/-/minimalistic-assert-1.0.1.tgz",
      "integrity": "sha512-UtJcAD4yEaGtjPezWuO9wC4nwUnVH/8/Im3yEHQP4b67cXlD/Qr9hdITCU1xDbSEXg2XKNaP8jsReV7vQd00/A==",
      "dev": true
    },
    "minimalistic-crypto-utils": {
      "version": "1.0.1",
      "resolved": "https://registry.npmjs.org/minimalistic-crypto-utils/-/minimalistic-crypto-utils-1.0.1.tgz",
      "integrity": "sha1-9sAMHAsIIkblxNmd+4x8CDsrWCo=",
      "dev": true
    },
    "node-fetch": {
      "version": "2.6.1",
      "resolved": "https://registry.npmjs.org/node-fetch/-/node-fetch-2.6.1.tgz",
      "integrity": "sha512-V4aYg89jEoVRxRb2fJdAg8FHvI7cEyYdVAh94HH0UIK8oJxUfkjlDQN9RbMx+bEjP7+ggMiFRprSti032Oipxw==",
      "dev": true
    },
    "pako": {
      "version": "2.0.3",
      "resolved": "https://registry.npmjs.org/pako/-/pako-2.0.3.tgz",
      "integrity": "sha512-WjR1hOeg+kki3ZIOjaf4b5WVcay1jaliKSYiEaB1XzwhMQZJxRdQRv0V31EKBYlxb4T7SK3hjfc/jxyU64BoSw==",
      "dev": true
    },
    "process": {
      "version": "0.11.10",
      "resolved": "https://registry.npmjs.org/process/-/process-0.11.10.tgz",
      "integrity": "sha1-czIwDoQBYb2j5podHZGn1LwW8YI=",
      "dev": true
    },
    "randombytes": {
      "version": "2.0.5",
      "resolved": "https://registry.npmjs.org/randombytes/-/randombytes-2.0.5.tgz",
      "integrity": "sha512-8T7Zn1AhMsQ/HI1SjcCfT/t4ii3eAqco3yOcSzS4mozsOz69lHLsoMXmF9nZgnFanYscnSlUSgs8uZyKzpE6kg==",
      "dev": true,
      "requires": {
        "safe-buffer": "^5.1.0"
      }
    },
    "readable-stream": {
      "version": "3.6.0",
      "resolved": "https://registry.npmjs.org/readable-stream/-/readable-stream-3.6.0.tgz",
      "integrity": "sha512-BViHy7LKeTz4oNnkcLJ+lVSL6vpiFeX6/d3oSH8zCW7UxP2onchk+vTGB143xuFjHS3deTgkKoXXymXqymiIdA==",
      "dev": true,
      "requires": {
        "inherits": "^2.0.3",
        "string_decoder": "^1.1.1",
        "util-deprecate": "^1.0.1"
      }
    },
    "regenerator-runtime": {
      "version": "0.11.1",
      "resolved": "https://registry.npmjs.org/regenerator-runtime/-/regenerator-runtime-0.11.1.tgz",
      "integrity": "sha512-MguG95oij0fC3QV3URf4V2SDYGJhJnJGqvIIgdECeODCT98wSWDAJ94SSuVpYQUoTcGUIL6L4yNB7j1DFFHSBg==",
      "dev": true
    },
    "ripemd160": {
      "version": "2.0.2",
      "resolved": "https://registry.npmjs.org/ripemd160/-/ripemd160-2.0.2.tgz",
      "integrity": "sha512-ii4iagi25WusVoiC4B4lq7pbXfAp3D9v5CwfkY33vffw2+pkDjY1D8GaN7spsxvCSx8dkPqOZCEZyfxcmJG2IA==",
      "dev": true,
      "requires": {
        "hash-base": "^3.0.0",
        "inherits": "^2.0.1"
      }
    },
    "safe-buffer": {
      "version": "5.2.1",
      "resolved": "https://registry.npmjs.org/safe-buffer/-/safe-buffer-5.2.1.tgz",
      "integrity": "sha512-rp3So07KcdmmKbGvgaNxQSJr7bGVSVk5S9Eq1F+ppbRo70+YeaDxkw5Dd8NPN+GD6bjnYm2VuPuCXmpuYvmCXQ==",
      "dev": true
    },
    "scatterjs-core": {
      "version": "2.7.18",
      "resolved": "https://registry.npmjs.org/scatterjs-core/-/scatterjs-core-2.7.18.tgz",
      "integrity": "sha512-2Zhe8/WBEQHuXM0QoJC00s6O2AgVH20UItHnVaRU6YkZ7XG8YmuoUt6jsPxhHLmvGjySyW1f7K2b5SS86UdI3A==",
      "dev": true,
      "requires": {
        "create-hash": "^1.2.0",
        "es6-promise": "^4.2.4",
        "get-random-values": "^1.2.0",
        "isomorphic-ws": "^4.0.1",
        "ws": "^6.1.0"
      },
      "dependencies": {
        "ws": {
          "version": "6.2.2",
          "resolved": "https://registry.npmjs.org/ws/-/ws-6.2.2.tgz",
          "integrity": "sha512-zmhltoSR8u1cnDsD43TX59mzoMZsLKqUweyYBAIvTngR3shc0W6aOZylZmq/7hqyVxPdi+5Ud2QInblgyE72fw==",
          "dev": true,
          "requires": {
            "async-limiter": "~1.0.0"
          }
        }
      }
    },
    "scatterjs-plugin-eosjs2": {
      "version": "1.5.0",
      "resolved": "https://registry.npmjs.org/scatterjs-plugin-eosjs2/-/scatterjs-plugin-eosjs2-1.5.0.tgz",
      "integrity": "sha512-RIYGW+c4dH//jwcAflcnI2N+erzy2AHQwfqMr8CTMCRg2S8Drm/PWf/iDn1JHsjbyTv1+kIP335zWz7xP92iAQ==",
      "dev": true
    },
    "scrypt-js": {
      "version": "3.0.1",
      "resolved": "https://registry.npmjs.org/scrypt-js/-/scrypt-js-3.0.1.tgz",
      "integrity": "sha512-cdwTTnqPu0Hyvf5in5asVdZocVDTNRmR7XEcJuIzMjJeSHybHl7vpB66AzwTaIg6CLSbtjcxc8fqcySfnTkccA==",
      "dev": true
    },
    "secure-random": {
      "version": "1.1.2",
      "resolved": "https://registry.npmjs.org/secure-random/-/secure-random-1.1.2.tgz",
      "integrity": "sha512-H2bdSKERKdBV1SwoqYm6C0y+9EA94v6SUBOWO8kDndc4NoUih7Dv6Tsgma7zO1lv27wIvjlD0ZpMQk7um5dheQ==",
      "dev": true
    },
    "sha.js": {
      "version": "2.4.11",
      "resolved": "https://registry.npmjs.org/sha.js/-/sha.js-2.4.11.tgz",
      "integrity": "sha512-QMEp5B7cftE7APOjk5Y6xgrbWu+WkLVQwk8JNjZ8nKRciZaByEW6MubieAiToS7+dwvrjGhH8jRXz3MVd0AYqQ==",
      "dev": true,
      "requires": {
        "inherits": "^2.0.1",
        "safe-buffer": "^5.0.1"
      }
    },
    "string_decoder": {
      "version": "1.3.0",
      "resolved": "https://registry.npmjs.org/string_decoder/-/string_decoder-1.3.0.tgz",
      "integrity": "sha512-hkRX8U1WjJFd8LsDJ2yQ/wWWxaopEsABU1XfkM8A+j0+85JAGppt16cr1Whg6KIbb4okU6Mql6BOj+uup/wKeA==",
      "dev": true,
      "requires": {
        "safe-buffer": "~5.2.0"
      }
    },
    "text-encoding": {
      "version": "0.7.0",
      "resolved": "https://registry.npmjs.org/text-encoding/-/text-encoding-0.7.0.tgz",
      "integrity": "sha512-oJQ3f1hrOnbRLOcwKz0Liq2IcrvDeZRHXhd9RgLrsT+DjWY/nty1Hi7v3dtkaEYbPYe0mUoOfzRrMwfXXwgPUA==",
      "dev": true
    },
    "util-deprecate": {
      "version": "1.0.2",
      "resolved": "https://registry.npmjs.org/util-deprecate/-/util-deprecate-1.0.2.tgz",
      "integrity": "sha1-RQ1Nyfpw3nMnYvvS1KKJgUGaDM8=",
      "dev": true
    },
    "wif": {
      "version": "2.0.6",
      "resolved": "https://registry.npmjs.org/wif/-/wif-2.0.6.tgz",
      "integrity": "sha1-CNP1IFbGZnkplyb63g1DKudLRwQ=",
      "dev": true,
      "requires": {
        "bs58check": "<3.0.0"
      }
    },
    "ws": {
      "version": "7.4.5",
      "resolved": "https://registry.npmjs.org/ws/-/ws-7.4.5.tgz",
      "integrity": "sha512-xzyu3hFvomRfXKH8vOFMU3OguG6oOvhXMo3xsGy3xWExqaM2dxBbVxuD99O7m3ZUFMvvscsZDqxfgMaRr/Nr1g==",
      "dev": true
    }
  }
}
